
Microsoft Visual Studio Solution File, Format Version 11.00
# Visual Studio 2010
Project("{FAE04EC0-301F-11D3-BF4B-00C04F79EFBC}") = "ToggleOpener", "ToggleOpener\ToggleOpener.csproj", "{220B44C6-64F4-44DE-8C53-C5D84B787C17}"
EndProject
Project("{FAE04EC0-301F-11D3-BF4B-00C04F79EFBC}") = "Toolbox.NETMF (4.1)", "..\netmftoolbox\Framework\Toolbox.NETMF (4.1).csproj", "{CBF2AD5F-2168-4605-BFCB-0256D65AD95B}"
EndProject
Project("{FAE04EC0-301F-11D3-BF4B-00C04F79EFBC}") = "Toolbox.NETMF.NET (4.1)", "..\netmftoolbox\Framework\NET\Toolbox.NETMF.NET (4.1).csproj", "{24AADEAF-F98D-47B4-9FE4-3B41910477DF}"
EndProject
Project("{FAE04EC0-301F-11D3-BF4B-00C04F79EFBC}") = "Toolbox.NETMF.NET.Integrated (4.1)", "..\netmftoolbox\Framework\NET\Integrated\Toolbox.NETMF.NET.Integrated (4.1).csproj", "{235C114E-0757-4D8B-9527-359A22B42C6D}"
EndProject
Global
	GlobalSection(SolutionConfigurationPlatforms) = preSolution
		Debug|Any CPU = Debug|Any CPU
		Release|Any CPU = Release|Any CPU
	EndGlobalSection
	GlobalSection(ProjectConfigurationPlatforms) = postSolution
		{220B44C6-64F4-44DE-8C53-C5D84B787C17}.Debug|Any CPU.ActiveCfg = Debug|Any CPU
		{220B44C6-64F4-44DE-8C53-C5D84B787C17}.Debug|Any CPU.Build.0 = Debug|Any CPU
		{220B44C6-64F4-44DE-8C53-C5D84B787C17}.Debug|Any CPU.Deploy.0 = Debug|Any CPU
		{220B44C6-64F4-44DE-8C53-C5D84B787C17}.Release|Any CPU.ActiveCfg = Release|Any CPU
		{220B44C6-64F4-44DE-8C53-C5D84B787C17}.Release|Any CPU.Build.0 = Release|Any CPU
		{220B44C6-64F4-44DE-8C53-C5D84B787C17}.Release|Any CPU.Deploy.0 = Release|Any CPU
		{CBF2AD5F-2168-4605-BFCB-0256D65AD95B}.Debug|Any CPU.ActiveCfg = Debug|Any CPU
		{CBF2AD5F-2168-4605-BFCB-0256D65AD95B}.Debug|Any CPU.Build.0 = Debug|Any CPU
		{CBF2AD5F-2168-4605-BFCB-0256D65AD95B}.Release|Any CPU.ActiveCfg = Release|Any CPU
		{CBF2AD5F-2168-4605-BFCB-0256D65AD95B}.Release|Any CPU.Build.0 = Release|Any CPU
		{24AADEAF-F98D-47B4-9FE4-3B41910477DF}.Debug|Any CPU.ActiveCfg = Debug|Any CPU
		{24AADEAF-F98D-47B4-9FE4-3B41910477DF}.Debug|Any CPU.Build.0 = Debug|Any CPU
		{24AADEAF-F98D-47B4-9FE4-3B41910477DF}.Release|Any CPU.ActiveCfg = Release|Any CPU
		{24AADEAF-F98D-47B4-9FE4-3B41910477DF}.Release|Any CPU.Build.0 = Release|Any CPU
		{235C114E-0757-4D8B-9527-359A22B42C6D}.Debug|Any CPU.ActiveCfg = Debug|Any CPU
		{235C114E-0757-4D8B-9527-359A22B42C6D}.Debug|Any CPU.Build.0 = Debug|Any CPU
		{235C114E-0757-4D8B-9527-359A22B42C6D}.Release|Any CPU.ActiveCfg = Release|Any CPU
		{235C114E-0757-4D8B-9527-359A22B42C6D}.Release|Any CPU.Build.0 = Release|Any CPU
	EndGlobalSection
	GlobalSection(SolutionProperties) = preSolution
		HideSolutionNode = FALSE
	EndGlobalSection
EndGlobal
